<?xml version="1.0" encoding="utf-8"?>
<Project ToolsVersion="4.0" xmlns="http://schemas.microsoft.com/developer/msbuild/2003">
  <ItemGroup>
    <Filter Include="Resource Files">
      <UniqueIdentifier>{67DA6AB6-F800-4c08-8B7A-83BB121AAD01}</UniqueIdentifier>
      <Extensions>rc;ico;cur;bmp;dlg;rc2;rct;bin;rgs;gif;jpg;jpeg;jpe;resx;tiff;tif;png;wav;mfcribbon-ms</Extensions>
    </Filter>
    <Filter Include="Headers">
      <UniqueIdentifier>{93995380-89BD-4b04-88EB-625FBE52EBFB}</UniqueIdentifier>
      <Extensions>h;hh;hpp;hxx;hm;inl;inc;xsd</Extensions>
    </Filter>
    <Filter Include="Headers\Process">
      <UniqueIdentifier>{1cf2b891-164d-4387-8ae3-4d7d6d6f38b4}</UniqueIdentifier>
    </Filter>
    <Filter Include="Source Files">
      <UniqueIdentifier>{e042ba29-549c-4c66-ad5f-62bcb87f2d99}</UniqueIdentifier>
    </Filter>
    <Filter Include="Source Files\IO">
      <UniqueIdentifier>{1ed4391e-64dd-48bb-8c29-49d63fe91450}</UniqueIdentifier>
    </Filter>
    <Filter Include="Source Files\Process">
      <UniqueIdentifier>{c7b8cd5e-7a7c-40eb-90a3-1cffa4440a6e}</UniqueIdentifier>
    </Filter>
    <Filter Include="Headers\Utils">
      <UniqueIdentifier>{0ff0b42d-6f89-4c60-9c35-ffa72aed4ac7}</UniqueIdentifier>
    </Filter>
    <Filter Include="Source Files\Utils">
      <UniqueIdentifier>{a05e3b21-5c8d-4bef-8061-3667ec9dc656}</UniqueIdentifier>
    </Filter>
    <Filter Include="Headers\Api">
      <UniqueIdentifier>{f7660225-a141-4a22-b08b-f7e8a4be96f0}</UniqueIdentifier>
    </Filter>
    <Filter Include="Headers\IO">
      <UniqueIdentifier>{b8cb856b-87ca-4d61-ae82-340ace1521f1}</UniqueIdentifier>
    </Filter>
    <Filter Include="Source Files\Api">
      <UniqueIdentifier>{e51a0ddb-e707-4776-a534-f823b529ea6f}</UniqueIdentifier>
    </Filter>
    <Filter Include="Headers\FatFS">
      <UniqueIdentifier>{a1dfbb3f-f008-437a-8829-a292352d3fea}</UniqueIdentifier>
    </Filter>
    <Filter Include="Source Files\FatFS">
      <UniqueIdentifier>{d0343b0b-f481-4665-80cb-40d4da587fa9}</UniqueIdentifier>
    </Filter>
  </ItemGroup>
  <ItemGroup>
    <ClCompile Include="..\..\src\kernel\kernel.cpp">
      <Filter>Source Files</Filter>
    </ClCompile>
    <ClCompile Include="..\..\src\kernel\Process\Thread.cpp">
      <Filter>Source Files\Process</Filter>
    </ClCompile>
    <ClCompile Include="..\..\src\kernel\Process\ProcessManager.cpp">
      <Filter>Source Files\Process</Filter>
    </ClCompile>
    <ClCompile Include="..\..\src\kernel\Process\Process.cpp">
      <Filter>Source Files\Process</Filter>
    </ClCompile>
    <ClCompile Include="..\..\src\kernel\IO\Pipe.cpp">
      <Filter>Source Files\IO</Filter>
    </ClCompile>
    <ClCompile Include="..\..\src\kernel\IO\ConsoleOut.cpp">
      <Filter>Source Files\IO</Filter>
    </ClCompile>
    <ClCompile Include="..\..\src\kernel\IO\ConsoleIn.cpp">
      <Filter>Source Files\IO</Filter>
    </ClCompile>
    <ClCompile Include="..\..\src\kernel\IO\IFile.cpp">
      <Filter>Source Files\IO</Filter>
    </ClCompile>
    <ClCompile Include="..\..\src\api\api.cpp">
      <Filter>Source Files\Api</Filter>
    </ClCompile>
    <ClCompile Include="..\..\src\kernel\Utils\Semaphore.cpp">
      <Filter>Source Files\Utils</Filter>
    </ClCompile>
    <ClCompile Include="..\..\src\kernel\Process\SuspendCallback.cpp">
      <Filter>Source Files\Process</Filter>
    </ClCompile>
    <ClCompile Include="..\..\src\kernel\Process\Task.cpp">
      <Filter>Source Files\Process</Filter>
    </ClCompile>
    <ClCompile Include="..\..\src\kernel\IO\HandleService.cpp">
      <Filter>Source Files</Filter>
    </ClCompile>
    <ClCompile Include="..\..\src\kernel\IO\IOManager.cpp">
      <Filter>Source Files\IO</Filter>
    </ClCompile>
    <ClCompile Include="..\..\src\kernel\fat_helper.cpp">
      <Filter>Source Files\FatFS</Filter>
    </ClCompile>
    <ClCompile Include="..\..\src\kernel\fat12.cpp">
      <Filter>Source Files\FatFS</Filter>
    </ClCompile>
    <ClCompile Include="..\..\src\kernel\path.cpp">
      <Filter>Source Files\FatFS</Filter>
    </ClCompile>
    <ClCompile Include="..\..\src\kernel\IO\ProcFS.cpp">
      <Filter>Source Files\IO</Filter>
    </ClCompile>
    <ClCompile Include="..\..\src\kernel\IO\ReadablePipe.cpp">
      <Filter>Source Files\IO</Filter>
    </ClCompile>
    <ClCompile Include="..\..\src\kernel\IO\WritablePipe.cpp">
      <Filter>Source Files\IO</Filter>
    </ClCompile>
    <ClCompile Include="..\..\src\kernel\Process\InitProcess.cpp">
      <Filter>Source Files\Process</Filter>
    </ClCompile>
  </ItemGroup>
  <ItemGroup>
    <ClInclude Include="..\..\src\kernel\kernel.h">
      <Filter>Headers</Filter>
    </ClInclude>
    <ClInclude Include="..\..\src\kernel\Process\Process.h">
      <Filter>Headers\Process</Filter>
    </ClInclude>
    <ClInclude Include="..\..\src\kernel\Process\ProcessManager.h">
      <Filter>Headers\Process</Filter>
    </ClInclude>
    <ClInclude Include="..\..\src\kernel\Process\Thread.h">
      <Filter>Headers\Process</Filter>
    </ClInclude>
    <ClInclude Include="..\..\src\kernel\IO\ConsoleIn.h">
      <Filter>Headers\IO</Filter>
    </ClInclude>
    <ClInclude Include="..\..\src\kernel\IO\ConsoleOut.h">
      <Filter>Headers\IO</Filter>
    </ClInclude>
    <ClInclude Include="..\..\src\kernel\IO\Pipe.h">
      <Filter>Headers\IO</Filter>
    </ClInclude>
    <ClInclude Include="..\..\src\kernel\IO\IFile.h">
      <Filter>Headers\IO</Filter>
    </ClInclude>
    <ClInclude Include="..\..\src\api\api.h">
      <Filter>Headers\Api</Filter>
    </ClInclude>
    <ClInclude Include="..\..\src\api\hal.h">
      <Filter>Headers\Api</Filter>
    </ClInclude>
    <ClInclude Include="..\..\src\kernel\Utils\Semaphore.h">
      <Filter>Headers\Utils</Filter>
    </ClInclude>
    <ClInclude Include="..\..\src\kernel\Utils\Debug.h">
      <Filter>Headers\Utils</Filter>
    </ClInclude>
    <ClInclude Include="..\..\src\kernel\Utils\Logging.h">
      <Filter>Headers\Utils</Filter>
    </ClInclude>
    <ClInclude Include="..\..\src\kernel\Process\TaskState.h">
      <Filter>Headers\Process</Filter>
    </ClInclude>
    <ClInclude Include="..\..\src\kernel\Process\SuspendCallback.h">
      <Filter>Headers\Process</Filter>
    </ClInclude>
    <ClInclude Include="..\..\src\kernel\Process\Task.h">
      <Filter>Headers\Process</Filter>
    </ClInclude>
    <ClInclude Include="..\..\src\kernel\IO\HandleService.h">
      <Filter>Headers</Filter>
    </ClInclude>
    <ClInclude Include="..\..\src\kernel\IO\IOManager.h">
      <Filter>Headers\IO</Filter>
    </ClInclude>
    <ClInclude Include="..\..\src\kernel\fat_helper.h">
      <Filter>Headers\FatFS</Filter>
    </ClInclude>
    <ClInclude Include="..\..\src\kernel\fat12.h">
      <Filter>Headers\FatFS</Filter>
    </ClInclude>
    <ClInclude Include="..\..\src\kernel\path.h">
      <Filter>Headers\FatFS</Filter>
    </ClInclude>
    <ClInclude Include="..\..\src\kernel\vfs.h">
      <Filter>Headers\FatFS</Filter>
    </ClInclude>
    <ClInclude Include="..\..\src\kernel\IO\ProcFS.h">
      <Filter>Headers\IO</Filter>
    </ClInclude>
    <ClInclude Include="..\..\src\kernel\IO\ReadablePipe.h">
      <Filter>Headers\IO</Filter>
    </ClInclude>
    <ClInclude Include="..\..\src\kernel\IO\WritablePipe.h">
      <Filter>Headers\IO</Filter>
    </ClInclude>
    <ClInclude Include="..\..\src\kernel\Process\InitProcess.h">
      <Filter>Headers\Process</Filter>
    </ClInclude>
  </ItemGroup>
</Project>